
Microsoft Visual Studio Solution File, Format Version 11.00
# Visual Studio 2010
Project("{FAE04EC0-301F-11D3-BF4B-00C04F79EFBC}") = "GroundControl", "GroundControl.csproj", "{8BB9607C-4CE2-454E-8A7B-D5553EB4B33C}"
EndProject
Global
	GlobalSection(SolutionConfigurationPlatforms) = preSolution
		Debug|Any CPU = Debug|Any CPU
		Release|Any CPU = Release|Any CPU
	EndGlobalSection
	GlobalSection(ProjectConfigurationPlatforms) = postSolution
		{8BB9607C-4CE2-454E-8A7B-D5553EB4B33C}.Debug|Any CPU.ActiveCfg = Debug|Any CPU
		{8BB9607C-4CE2-454E-8A7B-D5553EB4B33C}.Debug|Any CPU.Build.0 = Debug|Any CPU
		{8BB9607C-4CE2-454E-8A7B-D5553EB4B33C}.Release|Any CPU.ActiveCfg = Release|Any CPU
		{8BB9607C-4CE2-454E-8A7B-D5553EB4B33C}.Release|Any CPU.Build.0 = Release|Any CPU
	EndGlobalSection
	GlobalSection(SolutionProperties) = preSolution
		HideSolutionNode = FALSE
	EndGlobalSection
EndGlobal
